
Microsoft Visual Studio Solution File, Format Version 12.00
# Visual Studio 2013
VisualStudioVersion = 12.0.30501.0
MinimumVisualStudioVersion = 10.0.40219.1
Project("{FAE04EC0-301F-11D3-BF4B-00C04F79EFBC}") = "VISTAGHOST", "VISTAGHOST\VISTAGHOST.csproj", "{7CFD2794-2ACA-45E8-89F6-ADE96303618F}"
EndProject
Project("{2150E333-8FDC-42A3-9474-1A3956D46DE8}") = "Solution Items", "Solution Items", "{02E330CE-A41C-4964-8F0A-3D760C1876E2}"
	ProjectSection(SolutionItems) = preProject
		IntegrationTests.testsettings = IntegrationTests.testsettings
		UnitTests.testsettings = UnitTests.testsettings
	EndProjectSection
EndProject
Project("{FAE04EC0-301F-11D3-BF4B-00C04F79EFBC}") = "MakarovDev.ExpandCollapsePanel", "UserControl\MakarovDev.ExpandCollapsePanel\MakarovDev.ExpandCollapsePanel.csproj", "{BE76A6FE-225F-4287-9CA0-231F5AF4CDC1}"
EndProject
Global
	GlobalSection(SolutionConfigurationPlatforms) = preSolution
		Debug|Any CPU = Debug|Any CPU
		Release|Any CPU = Release|Any CPU
	EndGlobalSection
	GlobalSection(ProjectConfigurationPlatforms) = postSolution
		{7CFD2794-2ACA-45E8-89F6-ADE96303618F}.Debug|Any CPU.ActiveCfg = Debug|Any CPU
		{7CFD2794-2ACA-45E8-89F6-ADE96303618F}.Debug|Any CPU.Build.0 = Debug|Any CPU
		{7CFD2794-2ACA-45E8-89F6-ADE96303618F}.Release|Any CPU.ActiveCfg = Release|Any CPU
		{7CFD2794-2ACA-45E8-89F6-ADE96303618F}.Release|Any CPU.Build.0 = Release|Any CPU
		{BE76A6FE-225F-4287-9CA0-231F5AF4CDC1}.Debug|Any CPU.ActiveCfg = Debug|Any CPU
		{BE76A6FE-225F-4287-9CA0-231F5AF4CDC1}.Debug|Any CPU.Build.0 = Debug|Any CPU
		{BE76A6FE-225F-4287-9CA0-231F5AF4CDC1}.Release|Any CPU.ActiveCfg = Release|Any CPU
		{BE76A6FE-225F-4287-9CA0-231F5AF4CDC1}.Release|Any CPU.Build.0 = Release|Any CPU
	EndGlobalSection
	GlobalSection(SolutionProperties) = preSolution
		HideSolutionNode = FALSE
	EndGlobalSection
EndGlobal
